<?xml version="1.0" encoding="utf-8"?>
<Project ToolsVersion="4.0" xmlns="http://schemas.microsoft.com/developer/msbuild/2003">
  <ItemGroup>
    <Filter Include="Source Files">
      <UniqueIdentifier>{4FC737F1-C7A5-4376-A066-2A32D752A2FF}</UniqueIdentifier>
      <Extensions>cpp;c;cc;cxx;def;odl;idl;hpj;bat;asm;asmx;h</Extensions>
    </Filter>
    <Filter Include="Resource Files">
      <UniqueIdentifier>{67DA6AB6-F800-4c08-8B7A-83BB121AAD01}</UniqueIdentifier>
      <Extensions>rc;ico;cur;bmp;dlg;rc2;rct;bin;rgs;gif;jpg;jpeg;jpe;resx;tiff;tif;png;wav;mfcribbon-ms</Extensions>
    </Filter>
    <Filter Include="Precompiled Header">
      <UniqueIdentifier>{e72c7c48-04e4-4620-aee2-e6b7bcee4dcd}</UniqueIdentifier>
    </Filter>
  </ItemGroup>
  <ItemGroup>
    <ClCompile Include="precompile.cc">
      <Filter>Precompiled Header</Filter>
    </ClCompile>
    <ClCompile Include="main.cc">
      <Filter>Source Files</Filter>
    </ClCompile>
    <ClCompile Include="hook.cc">
      <Filter>Source Files</Filter>
    </ClCompile>
    <ClCompile Include="iat_hooker.cc">
      <Filter>Source Files</Filter>
    </ClCompile>
    <ClCompile Include="postposition.cc">
      <Filter>Source Files</Filter>
    </ClCompile>
    <ClCompile Include="pe_section.cc">
      <Filter>Source Files</Filter>
    </ClCompile>
  </ItemGroup>
  <ItemGroup>
    <ClInclude Include="precompile.h">
      <Filter>Precompiled Header</Filter>
    </ClInclude>
    <ClInclude Include="hook.h">
      <Filter>Source Files</Filter>
    </ClInclude>
    <ClInclude Include="iat_hooker.h">
      <Filter>Source Files</Filter>
    </ClInclude>
    <ClInclude Include="dll_loader.h">
      <Filter>Source Files</Filter>
    </ClInclude>
    <ClInclude Include="resource.h">
      <Filter>Resource Files</Filter>
    </ClInclude>
    <ClInclude Include="postposition.h">
      <Filter>Source Files</Filter>
    </ClInclude>
    <ClInclude Include="pe_section.h">
      <Filter>Source Files</Filter>
    </ClInclude>
  </ItemGroup>
  <ItemGroup>
    <None Include="ddraw.def">
      <Filter>Resource Files</Filter>
    </None>
  </ItemGroup>
  <ItemGroup>
    <ResourceCompile Include="ddraw.rc">
      <Filter>Resource Files</Filter>
    </ResourceCompile>
  </ItemGroup>
</Project>